
Microsoft Visual Studio Solution File, Format Version 12.00
# Visual Studio Version 17
VisualStudioVersion = 17.12.35728.132
MinimumVisualStudioVersion = 10.0.40219.1
Project("{2150E333-8FDC-42A3-9474-1A3956D46DE8}") = "src", "src", "{97111CDF-AF78-4A34-AAE0-03656B4F6D37}"
EndProject
Project("{FAE04EC0-301F-11D3-BF4B-00C04F79EFBC}") = "AstroPharm.Api", "src\AstroPharm.Api\AstroPharm.Api.csproj", "{3921B595-B247-4CB5-A9B9-4A9CE833E0B5}"
EndProject
Project("{FAE04EC0-301F-11D3-BF4B-00C04F79EFBC}") = "AstroPharm.Domain", "src\AstroPharm.Domain\AstroPharm.Domain.csproj", "{598007A3-D79C-4395-A87A-569590D251B1}"
EndProject
Project("{FAE04EC0-301F-11D3-BF4B-00C04F79EFBC}") = "AstroPharm.Data", "src\AstroPharm.Data\AstroPharm.Data.csproj", "{A7DD9FF0-A948-440B-9052-38FD75ADF60B}"
EndProject
Project("{FAE04EC0-301F-11D3-BF4B-00C04F79EFBC}") = "AstroPharm.Service", "src\AstroPharm.Service\AstroPharm.Service.csproj", "{F855F4E0-A1BE-43D0-A8F3-A4BA544AF617}"
EndProject
Global
	GlobalSection(SolutionConfigurationPlatforms) = preSolution
		Debug|Any CPU = Debug|Any CPU
		Release|Any CPU = Release|Any CPU
	EndGlobalSection
	GlobalSection(ProjectConfigurationPlatforms) = postSolution
		{3921B595-B247-4CB5-A9B9-4A9CE833E0B5}.Debug|Any CPU.ActiveCfg = Debug|Any CPU
		{3921B595-B247-4CB5-A9B9-4A9CE833E0B5}.Debug|Any CPU.Build.0 = Debug|Any CPU
		{3921B595-B247-4CB5-A9B9-4A9CE833E0B5}.Release|Any CPU.ActiveCfg = Release|Any CPU
		{3921B595-B247-4CB5-A9B9-4A9CE833E0B5}.Release|Any CPU.Build.0 = Release|Any CPU
		{598007A3-D79C-4395-A87A-569590D251B1}.Debug|Any CPU.ActiveCfg = Debug|Any CPU
		{598007A3-D79C-4395-A87A-569590D251B1}.Debug|Any CPU.Build.0 = Debug|Any CPU
		{598007A3-D79C-4395-A87A-569590D251B1}.Release|Any CPU.ActiveCfg = Release|Any CPU
		{598007A3-D79C-4395-A87A-569590D251B1}.Release|Any CPU.Build.0 = Release|Any CPU
		{A7DD9FF0-A948-440B-9052-38FD75ADF60B}.Debug|Any CPU.ActiveCfg = Debug|Any CPU
		{A7DD9FF0-A948-440B-9052-38FD75ADF60B}.Debug|Any CPU.Build.0 = Debug|Any CPU
		{A7DD9FF0-A948-440B-9052-38FD75ADF60B}.Release|Any CPU.ActiveCfg = Release|Any CPU
		{A7DD9FF0-A948-440B-9052-38FD75ADF60B}.Release|Any CPU.Build.0 = Release|Any CPU
		{F855F4E0-A1BE-43D0-A8F3-A4BA544AF617}.Debug|Any CPU.ActiveCfg = Debug|Any CPU
		{F855F4E0-A1BE-43D0-A8F3-A4BA544AF617}.Debug|Any CPU.Build.0 = Debug|Any CPU
		{F855F4E0-A1BE-43D0-A8F3-A4BA544AF617}.Release|Any CPU.ActiveCfg = Release|Any CPU
		{F855F4E0-A1BE-43D0-A8F3-A4BA544AF617}.Release|Any CPU.Build.0 = Release|Any CPU
	EndGlobalSection
	GlobalSection(SolutionProperties) = preSolution
		HideSolutionNode = FALSE
	EndGlobalSection
	GlobalSection(NestedProjects) = preSolution
		{3921B595-B247-4CB5-A9B9-4A9CE833E0B5} = {97111CDF-AF78-4A34-AAE0-03656B4F6D37}
		{598007A3-D79C-4395-A87A-569590D251B1} = {97111CDF-AF78-4A34-AAE0-03656B4F6D37}
		{A7DD9FF0-A948-440B-9052-38FD75ADF60B} = {97111CDF-AF78-4A34-AAE0-03656B4F6D37}
		{F855F4E0-A1BE-43D0-A8F3-A4BA544AF617} = {97111CDF-AF78-4A34-AAE0-03656B4F6D37}
	EndGlobalSection
EndGlobal
